// !$*UTF8*$!
{
	archiveVersion = 1;
	classes = {
	};
	objectVersion = 46;
	objects = {

/* Begin PBXBuildFile section */
		54396A0B1D6202420037F766 /* AppDelegate.swift in Sources */ = {isa = PBXBuildFile; fileRef = 54396A0A1D6202420037F766 /* AppDelegate.swift */; };
		54396A0D1D6202420037F766 /* ViewController.swift in Sources */ = {isa = PBXBuildFile; fileRef = 54396A0C1D6202420037F766 /* ViewController.swift */; };
		54396A101D6202420037F766 /* Main.storyboard in Resources */ = {isa = PBXBuildFile; fileRef = 54396A0E1D6202420037F766 /* Main.storyboard */; };
		54396A121D6202420037F766 /* Assets.xcassets in Resources */ = {isa = PBXBuildFile; fileRef = 54396A111D6202420037F766 /* Assets.xcassets */; };
		54396A151D6202420037F766 /* LaunchScreen.storyboard in Resources */ = {isa = PBXBuildFile; fileRef = 54396A131D6202420037F766 /* LaunchScreen.storyboard */; };
		54396A1D1D6204F50037F766 /* pokemon.csv in Resources */ = {isa = PBXBuildFile; fileRef = 54396A1C1D6204F50037F766 /* pokemon.csv */; };
		54396A201D621B0B0037F766 /* Pokemon.swift in Sources */ = {isa = PBXBuildFile; fileRef = 54396A1F1D621B0B0037F766 /* Pokemon.swift */; };
		54396A231D62FEC20037F766 /* PokeCell.swift in Sources */ = {isa = PBXBuildFile; fileRef = 54396A221D62FEC20037F766 /* PokeCell.swift */; };
/* End PBXBuildFile section */

/* Begin PBXFileReference section */
		54396A071D6202420037F766 /* iPokedex.app */ = {isa = PBXFileReference; explicitFileType = wrapper.application; includeInIndex = 0; path = iPokedex.app; sourceTree = BUILT_PRODUCTS_DIR; };
		54396A0A1D6202420037F766 /* AppDelegate.swift */ = {isa = PBXFileReference; lastKnownFileType = sourcecode.swift; path = AppDelegate.swift; sourceTree = "<group>"; };
		54396A0C1D6202420037F766 /* ViewController.swift */ = {isa = PBXFileReference; lastKnownFileType = sourcecode.swift; path = ViewController.swift; sourceTree = "<group>"; };
		54396A0F1D6202420037F766 /* Base */ = {isa = PBXFileReference; lastKnownFileType = file.storyboard; name = Base; path = Base.lproj/Main.storyboard; sourceTree = "<group>"; };
		54396A111D6202420037F766 /* Assets.xcassets */ = {isa = PBXFileReference; lastKnownFileType = folder.assetcatalog; path = Assets.xcassets; sourceTree = "<group>"; };
		54396A141D6202420037F766 /* Base */ = {isa = PBXFileReference; lastKnownFileType = file.storyboard; name = Base; path = Base.lproj/LaunchScreen.storyboard; sourceTree = "<group>"; };
		54396A161D6202420037F766 /* Info.plist */ = {isa = PBXFileReference; lastKnownFileType = text.plist.xml; path = Info.plist; sourceTree = "<group>"; };
		54396A1C1D6204F50037F766 /* pokemon.csv */ = {isa = PBXFileReference; fileEncoding = 4; lastKnownFileType = text; path = pokemon.csv; sourceTree = "<group>"; };
		54396A1F1D621B0B0037F766 /* Pokemon.swift */ = {isa = PBXFileReference; fileEncoding = 4; lastKnownFileType = sourcecode.swift; path = Pokemon.swift; sourceTree = "<group>"; };
		54396A221D62FEC20037F766 /* PokeCell.swift */ = {isa = PBXFileReference; fileEncoding = 4; lastKnownFileType = sourcecode.swift; path = PokeCell.swift; sourceTree = "<group>"; };
/* End PBXFileReference section */

/* Begin PBXFrameworksBuildPhase section */
		54396A041D6202420037F766 /* Frameworks */ = {
			isa = PBXFrameworksBuildPhase;
			buildActionMask = 2147483647;
			files = (
			);
			runOnlyForDeploymentPostprocessing = 0;
		};
/* End PBXFrameworksBuildPhase section */

/* Begin PBXGroup section */
		543969FE1D6202420037F766 = {
			isa = PBXGroup;
			children = (
				54396A091D6202420037F766 /* iPokedex */,
				54396A081D6202420037F766 /* Products */,
			);
			sourceTree = "<group>";
		};
		54396A081D6202420037F766 /* Products */ = {
			isa = PBXGroup;
			children = (
				54396A071D6202420037F766 /* iPokedex.app */,
			);
			name = Products;
			sourceTree = "<group>";
		};
		54396A091D6202420037F766 /* iPokedex */ = {
			isa = PBXGroup;
			children = (
				54396A1E1D621AEC0037F766 /* Model */,
				54396A211D62FE970037F766 /* View */,
				54396A0A1D6202420037F766 /* AppDelegate.swift */,
				54396A0C1D6202420037F766 /* ViewController.swift */,
				54396A1C1D6204F50037F766 /* pokemon.csv */,
				54396A111D6202420037F766 /* Assets.xcassets */,
				54396A161D6202420037F766 /* Info.plist */,
			);
			path = iPokedex;
			sourceTree = "<group>";
		};
		54396A1E1D621AEC0037F766 /* Model */ = {
			isa = PBXGroup;
			children = (
				54396A1F1D621B0B0037F766 /* Pokemon.swift */,
			);
			name = Model;
			sourceTree = "<group>";
		};
		54396A211D62FE970037F766 /* View */ = {
			isa = PBXGroup;
			children = (
				54396A0E1D6202420037F766 /* Main.storyboard */,
				54396A131D6202420037F766 /* LaunchScreen.storyboard */,
				54396A221D62FEC20037F766 /* PokeCell.swift */,
			);
			name = View;
			sourceTree = "<group>";
		};
/* End PBXGroup section */

/* Begin PBXNativeTarget section */
		54396A061D6202420037F766 /* iPokedex */ = {
			isa = PBXNativeTarget;
			buildConfigurationList = 54396A191D6202420037F766 /* Build configuration list for PBXNativeTarget "iPokedex" */;
			buildPhases = (
				54396A031D6202420037F766 /* Sources */,
				54396A041D6202420037F766 /* Frameworks */,
				54396A051D6202420037F766 /* Resources */,
			);
			buildRules = (
			);
			dependencies = (
			);
			name = iPokedex;
			productName = iPokedex;
			productReference = 54396A071D6202420037F766 /* iPokedex.app */;
			productType = "com.apple.product-type.application";
		};
/* End PBXNativeTarget section */

/* Begin PBXProject section */
		543969FF1D6202420037F766 /* Project object */ = {
			isa = PBXProject;
			attributes = {
				LastSwiftUpdateCheck = 0730;
				LastUpgradeCheck = 0730;
				ORGANIZATIONNAME = "Florian Poncelin";
				TargetAttributes = {
					54396A061D6202420037F766 = {
						CreatedOnToolsVersion = 7.3.1;
						DevelopmentTeam = N64D7CJF29;
					};
				};
			};
			buildConfigurationList = 54396A021D6202420037F766 /* Build configuration list for PBXProject "iPokedex" */;
			compatibilityVersion = "Xcode 3.2";
			developmentRegion = English;
			hasScannedForEncodings = 0;
			knownRegions = (
				en,
				Base,
			);
			mainGroup = 543969FE1D6202420037F766;
			productRefGroup = 54396A081D6202420037F766 /* Products */;
			projectDirPath = "";
			projectRoot = "";
			targets = (
				54396A061D6202420037F766 /* iPokedex */,
			);
		};
/* End PBXProject section */

/* Begin PBXResourcesBuildPhase section */
		54396A051D6202420037F766 /* Resources */ = {
			isa = PBXResourcesBuildPhase;
			buildActionMask = 2147483647;
			files = (
				54396A151D6202420037F766 /* LaunchScreen.storyboard in Resources */,
				54396A121D6202420037F766 /* Assets.xcassets in Resources */,
				54396A1D1D6204F50037F766 /* pokemon.csv in Resources */,
				54396A101D6202420037F766 /* Main.storyboard in Resources */,
			);
			runOnlyForDeploymentPostprocessing = 0;
		};
/* End PBXResourcesBuildPhase section */

/* Begin PBXSourcesBuildPhase section */
		54396A031D6202420037F766 /* Sources */ = {
			isa = PBXSourcesBuildPhase;
			buildActionMask = 2147483647;
			files = (
				54396A231D62FEC20037F766 /* PokeCell.swift in Sources */,
				54396A0D1D6202420037F766 /* ViewController.swift in Sources */,
				54396A0B1D6202420037F766 /* AppDelegate.swift in Sources */,
				54396A201D621B0B0037F766 /* Pokemon.swift in Sources */,
			);
			runOnlyForDeploymentPostprocessing = 0;
		};
/* End PBXSourcesBuildPhase section */

/* Begin PBXVariantGroup section */
		54396A0E1D6202420037F766 /* Main.storyboard */ = {
			isa = PBXVariantGroup;
			children = (
				54396A0F1D6202420037F766 /* Base */,
			);
			name = Main.storyboard;
			sourceTree = "<group>";
		};
		54396A131D6202420037F766 /* LaunchScreen.storyboard */ = {
			isa = PBXVariantGroup;
			children = (
				54396A141D6202420037F766 /* Base */,
			);
			name = LaunchScreen.storyboard;
			sourceTree = "<group>";
		};
/* End PBXVariantGroup section */

/* Begin XCBuildConfiguration section */
		54396A171D6202420037F766 /* Debug */ = {
			isa = XCBuildConfiguration;
			buildSettings = {
				ALWAYS_SEARCH_USER_PATHS = NO;
				CLANG_ANALYZER_NONNULL = YES;
				CLANG_CXX_LANGUAGE_STANDARD = "gnu++0x";
				CLANG_CXX_LIBRARY = "libc++";
				CLANG_ENABLE_MODULES = YES;
				CLANG_ENABLE_OBJC_ARC = YES;
				CLANG_WARN_BOOL_CONVERSION = YES;
				CLANG_WARN_CONSTANT_CONVERSION = YES;
				CLANG_WARN_DIRECT_OBJC_ISA_USAGE = YES_ERROR;
				CLANG_WARN_EMPTY_BODY = YES;
				CLANG_WARN_ENUM_CONVERSION = YES;
				CLANG_WARN_INT_CONVERSION = YES;
				CLANG_WARN_OBJC_ROOT_CLASS = YES_ERROR;
				CLANG_WARN_UNREACHABLE_CODE = YES;
				CLANG_WARN__DUPLICATE_METHOD_MATCH = YES;
				"CODE_SIGN_IDENTITY[sdk=iphoneos*]" = "iPhone Developer";
				COPY_PHASE_STRIP = NO;
				DEBUG_INFORMATION_FORMAT = dwarf;
				ENABLE_STRICT_OBJC_MSGSEND = YES;
				ENABLE_TESTABILITY = YES;
				GCC_C_LANGUAGE_STANDARD = gnu99;
				GCC_DYNAMIC_NO_PIC = NO;
				GCC_NO_COMMON_BLOCKS = YES;
				GCC_OPTIMIZATION_LEVEL = 0;
				GCC_PREPROCESSOR_DEFINITIONS = (
					"DEBUG=1",
					"$(inherited)",
				);
				GCC_WARN_64_TO_32_BIT_CONVERSION = YES;
				GCC_WARN_ABOUT_RETURN_TYPE = YES_ERROR;
				GCC_WARN_UNDECLARED_SELECTOR = YES;
				GCC_WARN_UNINITIALIZED_AUTOS = YES_AGGRESSIVE;
				GCC_WARN_UNUSED_FUNCTION = YES;
				GCC_WARN_UNUSED_VARIABLE = YES;
				IPHONEOS_DEPLOYMENT_TARGET = 9.3;
				MTL_ENABLE_DEBUG_INFO = YES;
				ONLY_ACTIVE_ARCH = YES;
				SDKROOT = iphoneos;
				SWIFT_OPTIMIZATION_LEVEL = "-Onone";
				TARGETED_DEVICE_FAMILY = "1,2";
			};
			name = Debug;
		};
		54396A181D6202420037F766 /* Release */ = {
			isa = XCBuildConfiguration;
			buildSettings = {
				ALWAYS_SEARCH_USER_PATHS = NO;
				CLANG_ANALYZER_NONNULL = YES;
				CLANG_CXX_LANGUAGE_STANDARD = "gnu++0x";
				CLANG_CXX_LIBRARY = "libc++";
				CLANG_ENABLE_MODULES = YES;
				CLANG_ENABLE_OBJC_ARC = YES;
				CLANG_WARN_BOOL_CONVERSION = YES;
				CLANG_WARN_CONSTANT_CONVERSION = YES;
				CLANG_WARN_DIRECT_OBJC_ISA_USAGE = YES_ERROR;
				CLANG_WARN_EMPTY_BODY = YES;
				CLANG_WARN_ENUM_CONVERSION = YES;
				CLANG_WARN_INT_CONVERSION = YES;
				CLANG_WARN_OBJC_ROOT_CLASS = YES_ERROR;
				CLANG_WARN_UNREACHABLE_CODE = YES;
				CLANG_WARN__DUPLICATE_METHOD_MATCH = YES;
				"CODE_SIGN_IDENTITY[sdk=iphoneos*]" = "iPhone Developer";
				COPY_PHASE_STRIP = NO;
				DEBUG_INFORMATION_FORMAT = "dwarf-with-dsym";
				ENABLE_NS_ASSERTIONS = NO;
				ENABLE_STRICT_OBJC_MSGSEND = YES;
				GCC_C_LANGUAGE_STANDARD = gnu99;
				GCC_NO_COMMON_BLOCKS = YES;
				GCC_WARN_64_TO_32_BIT_CONVERSION = YES;
				GCC_WARN_ABOUT_RETURN_TYPE = YES_ERROR;
				GCC_WARN_UNDECLARED_SELECTOR = YES;
				GCC_WARN_UNINITIALIZED_AUTOS = YES_AGGRESSIVE;
				GCC_WARN_UNUSED_FUNCTION = YES;
				GCC_WARN_UNUSED_VARIABLE = YES;
				IPHONEOS_DEPLOYMENT_TARGET = 9.3;
				MTL_ENABLE_DEBUG_INFO = NO;
				SDKROOT = iphoneos;
				TARGETED_DEVICE_FAMILY = "1,2";
				VALIDATE_PRODUCT = YES;
			};
			name = Release;
		};
		54396A1A1D6202420037F766 /* Debug */ = {
			isa = XCBuildConfiguration;
			buildSettings = {
				ASSETCATALOG_COMPILER_APPICON_NAME = AppIcon;
				INFOPLIST_FILE = iPokedex/Info.plist;
				LD_RUNPATH_SEARCH_PATHS = "$(inherited) @executable_path/Frameworks";
				PRODUCT_BUNDLE_IDENTIFIER = com.florianponcelin.iPokedex;
				PRODUCT_NAME = "$(TARGET_NAME)";
			};
			name = Debug;
		};
		54396A1B1D6202420037F766 /* Release */ = {
			isa = XCBuildConfiguration;
			buildSettings = {
				ASSETCATALOG_COMPILER_APPICON_NAME = AppIcon;
				INFOPLIST_FILE = iPokedex/Info.plist;
				LD_RUNPATH_SEARCH_PATHS = "$(inherited) @executable_path/Frameworks";
				PRODUCT_BUNDLE_IDENTIFIER = com.florianponcelin.iPokedex;
				PRODUCT_NAME = "$(TARGET_NAME)";
			};
			name = Release;
		};
/* End XCBuildConfiguration section */

/* Begin XCConfigurationList section */
		54396A021D6202420037F766 /* Build configuration list for PBXProject "iPokedex" */ = {
			isa = XCConfigurationList;
			buildConfigurations = (
				54396A171D6202420037F766 /* Debug */,
				54396A181D6202420037F766 /* Release */,
			);
			defaultConfigurationIsVisible = 0;
			defaultConfigurationName = Release;
		};
		54396A191D6202420037F766 /* Build configuration list for PBXNativeTarget "iPokedex" */ = {
			isa = XCConfigurationList;
			buildConfigurations = (
				54396A1A1D6202420037F766 /* Debug */,
				54396A1B1D6202420037F766 /* Release */,
			);
			defaultConfigurationIsVisible = 0;
		};
/* End XCConfigurationList section */
	};
	rootObject = 543969FF1D6202420037F766 /* Project object */;
}
